
Microsoft Visual Studio Solution File, Format Version 12.00
# Visual Studio 15
VisualStudioVersion = 15.0.28010.2046
MinimumVisualStudioVersion = 10.0.40219.1
Project("{888888A0-9F3D-457C-B088-3A5042F75D52}") = "Test2", "Test2\Test2.pyproj", "{49ECB015-39DF-415E-8D58-77986E355008}"
EndProject
Global
	GlobalSection(SolutionConfigurationPlatforms) = preSolution
		Debug|Any CPU = Debug|Any CPU
		Release|Any CPU = Release|Any CPU
	EndGlobalSection
	GlobalSection(ProjectConfigurationPlatforms) = postSolution
		{49ECB015-39DF-415E-8D58-77986E355008}.Debug|Any CPU.ActiveCfg = Debug|Any CPU
		{49ECB015-39DF-415E-8D58-77986E355008}.Debug|Any CPU.Build.0 = Debug|Any CPU
		{49ECB015-39DF-415E-8D58-77986E355008}.Release|Any CPU.ActiveCfg = Release|Any CPU
		{49ECB015-39DF-415E-8D58-77986E355008}.Release|Any CPU.Build.0 = Release|Any CPU
	EndGlobalSection
	GlobalSection(SolutionProperties) = preSolution
		HideSolutionNode = FALSE
	EndGlobalSection
	GlobalSection(ExtensibilityGlobals) = postSolution
		SolutionGuid = {7F9C2CF4-FBC3-4A2E-BC49-DFF845312D20}
	EndGlobalSection
EndGlobal
